// !$*UTF8*$!
{
	archiveVersion = 1;
	classes = {
	};
	objectVersion = 46;
	objects = {

/* Begin PBXBuildFile section */
		4A0653D5159521310096C16D /* main.cpp in Sources */ = {isa = PBXBuildFile; fileRef = 4A0653D4159521310096C16D /* main.cpp */; };
/* End PBXBuildFile section */

/* Begin PBXCopyFilesBuildPhase section */
		4A0653CE159521310096C16D /* CopyFiles */ = {
			isa = PBXCopyFilesBuildPhase;
			buildActionMask = 2147483647;
			dstPath = /usr/share/man/man1/;
			dstSubfolderSpec = 0;
			files = (
			);
			runOnlyForDeploymentPostprocessing = 1;
		};
/* End PBXCopyFilesBuildPhase section */

/* Begin PBXFileReference section */
		4A0653D0159521310096C16D /* diskram */ = {isa = PBXFileReference; explicitFileType = "compiled.mach-o.executable"; includeInIndex = 0; path = diskram; sourceTree = BUILT_PRODUCTS_DIR; };
		4A0653D4159521310096C16D /* main.cpp */ = {isa = PBXFileReference; lastKnownFileType = sourcecode.cpp.cpp; path = main.cpp; sourceTree = "<group>"; };
/* End PBXFileReference section */

/* Begin PBXFrameworksBuildPhase section */
		4A0653CD159521310096C16D /* Frameworks */ = {
			isa = PBXFrameworksBuildPhase;
			buildActionMask = 2147483647;
			files = (
			);
			runOnlyForDeploymentPostprocessing = 0;
		};
/* End PBXFrameworksBuildPhase section */

/* Begin PBXGroup section */
		4A0653C5159521300096C16D = {
			isa = PBXGroup;
			children = (
				4A0653D3159521310096C16D /* diskram */,
				4A0653D1159521310096C16D /* Products */,
			);
			sourceTree = "<group>";
		};
		4A0653D1159521310096C16D /* Products */ = {
			isa = PBXGroup;
			children = (
				4A0653D0159521310096C16D /* diskram */,
			);
			name = Products;
			sourceTree = "<group>";
		};
		4A0653D3159521310096C16D /* diskram */ = {
			isa = PBXGroup;
			children = (
				4A0653D4159521310096C16D /* main.cpp */,
			);
			path = diskram;
			sourceTree = "<group>";
		};
/* End PBXGroup section */

/* Begin PBXNativeTarget section */
		4A0653CF159521310096C16D /* diskram */ = {
			isa = PBXNativeTarget;
			buildConfigurationList = 4A0653DA159521310096C16D /* Build configuration list for PBXNativeTarget "diskram" */;
			buildPhases = (
				4A0653CC159521310096C16D /* Sources */,
				4A0653CD159521310096C16D /* Frameworks */,
				4A0653CE159521310096C16D /* CopyFiles */,
			);
			buildRules = (
			);
			dependencies = (
			);
			name = diskram;
			productName = diskram;
			productReference = 4A0653D0159521310096C16D /* diskram */;
			productType = "com.apple.product-type.tool";
		};
/* End PBXNativeTarget section */

/* Begin PBXProject section */
		4A0653C7159521300096C16D /* Project object */ = {
			isa = PBXProject;
			attributes = {
				LastUpgradeCheck = 0430;
			};
			buildConfigurationList = 4A0653CA159521300096C16D /* Build configuration list for PBXProject "diskram" */;
			compatibilityVersion = "Xcode 3.2";
			developmentRegion = English;
			hasScannedForEncodings = 0;
			knownRegions = (
				en,
			);
			mainGroup = 4A0653C5159521300096C16D;
			productRefGroup = 4A0653D1159521310096C16D /* Products */;
			projectDirPath = "";
			projectRoot = "";
			targets = (
				4A0653CF159521310096C16D /* diskram */,
			);
		};
/* End PBXProject section */

/* Begin PBXSourcesBuildPhase section */
		4A0653CC159521310096C16D /* Sources */ = {
			isa = PBXSourcesBuildPhase;
			buildActionMask = 2147483647;
			files = (
				4A0653D5159521310096C16D /* main.cpp in Sources */,
			);
			runOnlyForDeploymentPostprocessing = 0;
		};
/* End PBXSourcesBuildPhase section */

/* Begin XCBuildConfiguration section */
		4A0653D8159521310096C16D /* Debug */ = {
			isa = XCBuildConfiguration;
			buildSettings = {
				ALWAYS_SEARCH_USER_PATHS = NO;
				ARCHS = "$(ARCHS_STANDARD_64_BIT)";
				COPY_PHASE_STRIP = NO;
				GCC_C_LANGUAGE_STANDARD = gnu99;
				GCC_DYNAMIC_NO_PIC = NO;
				GCC_ENABLE_OBJC_EXCEPTIONS = YES;
				GCC_OPTIMIZATION_LEVEL = 0;
				GCC_PREPROCESSOR_DEFINITIONS = (
					"DEBUG=1",
					"$(inherited)",
				);
				GCC_SYMBOLS_PRIVATE_EXTERN = NO;
				GCC_VERSION = com.apple.compilers.llvm.clang.1_0;
				GCC_WARN_64_TO_32_BIT_CONVERSION = YES;
				GCC_WARN_ABOUT_RETURN_TYPE = YES;
				GCC_WARN_UNINITIALIZED_AUTOS = YES;
				GCC_WARN_UNUSED_VARIABLE = YES;
				MACOSX_DEPLOYMENT_TARGET = 10.7;
				ONLY_ACTIVE_ARCH = YES;
				SDKROOT = macosx;
			};
			name = Debug;
		};
		4A0653D9159521310096C16D /* Release */ = {
			isa = XCBuildConfiguration;
			buildSettings = {
				ALWAYS_SEARCH_USER_PATHS = NO;
				ARCHS = "$(ARCHS_STANDARD_64_BIT)";
				COPY_PHASE_STRIP = YES;
				DEBUG_INFORMATION_FORMAT = "dwarf-with-dsym";
				GCC_C_LANGUAGE_STANDARD = gnu99;
				GCC_ENABLE_OBJC_EXCEPTIONS = YES;
				GCC_VERSION = com.apple.compilers.llvm.clang.1_0;
				GCC_WARN_64_TO_32_BIT_CONVERSION = YES;
				GCC_WARN_ABOUT_RETURN_TYPE = YES;
				GCC_WARN_UNINITIALIZED_AUTOS = YES;
				GCC_WARN_UNUSED_VARIABLE = YES;
				MACOSX_DEPLOYMENT_TARGET = 10.7;
				SDKROOT = macosx;
			};
			name = Release;
		};
		4A0653DB159521310096C16D /* Debug */ = {
			isa = XCBuildConfiguration;
			buildSettings = {
				PRODUCT_NAME = "$(TARGET_NAME)";
			};
			name = Debug;
		};
		4A0653DC159521310096C16D /* Release */ = {
			isa = XCBuildConfiguration;
			buildSettings = {
				PRODUCT_NAME = "$(TARGET_NAME)";
			};
			name = Release;
		};
/* End XCBuildConfiguration section */

/* Begin XCConfigurationList section */
		4A0653CA159521300096C16D /* Build configuration list for PBXProject "diskram" */ = {
			isa = XCConfigurationList;
			buildConfigurations = (
				4A0653D8159521310096C16D /* Debug */,
				4A0653D9159521310096C16D /* Release */,
			);
			defaultConfigurationIsVisible = 0;
			defaultConfigurationName = Release;
		};
		4A0653DA159521310096C16D /* Build configuration list for PBXNativeTarget "diskram" */ = {
			isa = XCConfigurationList;
			buildConfigurations = (
				4A0653DB159521310096C16D /* Debug */,
				4A0653DC159521310096C16D /* Release */,
			);
			defaultConfigurationIsVisible = 0;
		};
/* End XCConfigurationList section */
	};
	rootObject = 4A0653C7159521300096C16D /* Project object */;
}
